
Microsoft Visual Studio Solution File, Format Version 12.00
# Visual Studio Version 17
VisualStudioVersion = 17.8.34330.188
MinimumVisualStudioVersion = 10.0.40219.1
Project("{FAE04EC0-301F-11D3-BF4B-00C04F79EFBC}") = "22012024", "22012024\22012024.csproj", "{876916CB-41FD-42C3-BF3D-8130B8209AFE}"
EndProject
Global
	GlobalSection(SolutionConfigurationPlatforms) = preSolution
		Debug|Any CPU = Debug|Any CPU
		Release|Any CPU = Release|Any CPU
	EndGlobalSection
	GlobalSection(ProjectConfigurationPlatforms) = postSolution
		{876916CB-41FD-42C3-BF3D-8130B8209AFE}.Debug|Any CPU.ActiveCfg = Debug|Any CPU
		{876916CB-41FD-42C3-BF3D-8130B8209AFE}.Debug|Any CPU.Build.0 = Debug|Any CPU
		{876916CB-41FD-42C3-BF3D-8130B8209AFE}.Release|Any CPU.ActiveCfg = Release|Any CPU
		{876916CB-41FD-42C3-BF3D-8130B8209AFE}.Release|Any CPU.Build.0 = Release|Any CPU
	EndGlobalSection
	GlobalSection(SolutionProperties) = preSolution
		HideSolutionNode = FALSE
	EndGlobalSection
	GlobalSection(ExtensibilityGlobals) = postSolution
		SolutionGuid = {CB7DC2AD-408A-40C3-BEFC-0E29EABE28A4}
	EndGlobalSection
EndGlobal
